
Microsoft Visual Studio Solution File, Format Version 11.00
# Visual Studio 2010
Project("{FAE04EC0-301F-11D3-BF4B-00C04F79EFBC}") = "Practika2_EX2", "Practika2_EX2\Practika2_EX2.csproj", "{880DF610-0D79-49F7-AE09-AAC0D8CB6239}"
EndProject
Global
	GlobalSection(SolutionConfigurationPlatforms) = preSolution
		Debug|x86 = Debug|x86
		Release|x86 = Release|x86
	EndGlobalSection
	GlobalSection(ProjectConfigurationPlatforms) = postSolution
		{880DF610-0D79-49F7-AE09-AAC0D8CB6239}.Debug|x86.ActiveCfg = Debug|x86
		{880DF610-0D79-49F7-AE09-AAC0D8CB6239}.Debug|x86.Build.0 = Debug|x86
		{880DF610-0D79-49F7-AE09-AAC0D8CB6239}.Release|x86.ActiveCfg = Release|x86
		{880DF610-0D79-49F7-AE09-AAC0D8CB6239}.Release|x86.Build.0 = Release|x86
	EndGlobalSection
	GlobalSection(SolutionProperties) = preSolution
		HideSolutionNode = FALSE
	EndGlobalSection
EndGlobal
